
Microsoft Visual Studio Solution File, Format Version 12.00
# Visual Studio 14
VisualStudioVersion = 14.0.25420.1
MinimumVisualStudioVersion = 10.0.40219.1
Project("{FAE04EC0-301F-11D3-BF4B-00C04F79EFBC}") = "Decorator", "Decorator\Decorator.csproj", "{459F495E-AB4E-4F1B-A1ED-3BE2F82B6870}"
EndProject
Project("{FAE04EC0-301F-11D3-BF4B-00C04F79EFBC}") = "DecoratorTests", "DecoratorTests\DecoratorTests.csproj", "{2AD927A3-B6D1-4AEB-82D1-AA9B6B1F9E8B}"
EndProject
Project("{2150E333-8FDC-42A3-9474-1A3956D46DE8}") = "DecoratorPattern", "DecoratorPattern", "{8DC27224-DFE6-4420-B557-E3A4C85DD790}"
EndProject
Project("{2150E333-8FDC-42A3-9474-1A3956D46DE8}") = "StructuralPatterns", "StructuralPatterns", "{C0CE8C5C-C3EC-4A12-A7CC-2A2563CE0F23}"
EndProject
Project("{2150E333-8FDC-42A3-9474-1A3956D46DE8}") = "BehavourialPatterns", "BehavourialPatterns", "{5964930B-7BB5-4E6E-A587-64BD447ADE34}"
EndProject
Project("{2150E333-8FDC-42A3-9474-1A3956D46DE8}") = "StrategyPattern", "StrategyPattern", "{54D2E913-9A63-47B5-B6BC-E73E46B658EB}"
EndProject
Project("{FAE04EC0-301F-11D3-BF4B-00C04F79EFBC}") = "Strategy", "Strategy\Strategy.csproj", "{495E6DC5-6932-4664-A5B1-F7E307E191BF}"
EndProject
Project("{FAE04EC0-301F-11D3-BF4B-00C04F79EFBC}") = "StrategyTests", "StrategyTests\StrategyTests.csproj", "{FD4B5A7B-12C6-4A65-AE4F-E192118B4AB3}"
EndProject
Project("{2150E333-8FDC-42A3-9474-1A3956D46DE8}") = "CreationalPatterns", "CreationalPatterns", "{4E76DF8F-2221-4E12-98C8-46FFB6B19914}"
EndProject
Project("{2150E333-8FDC-42A3-9474-1A3956D46DE8}") = "ObserverPattern", "ObserverPattern", "{93792751-AFA8-46AB-A52F-10ACD6261C53}"
EndProject
Project("{FAE04EC0-301F-11D3-BF4B-00C04F79EFBC}") = "ObserverTests", "ObserverTests\ObserverTests.csproj", "{DA92B36B-D6D0-4E72-B5F8-4E407319B1AA}"
EndProject
Project("{FAE04EC0-301F-11D3-BF4B-00C04F79EFBC}") = "Observer", "Observer\Observer.csproj", "{0764AE54-D8BD-49BD-8F47-51A5295F0385}"
EndProject
Project("{2150E333-8FDC-42A3-9474-1A3956D46DE8}") = "CompositePattern", "CompositePattern", "{81CBAE6A-88F8-43FF-8EC5-6782848D07CF}"
EndProject
Project("{FAE04EC0-301F-11D3-BF4B-00C04F79EFBC}") = "Composite", "Composite\Composite.csproj", "{4A80CDBF-87B0-44E2-8592-8F5AC132A297}"
EndProject
Project("{FAE04EC0-301F-11D3-BF4B-00C04F79EFBC}") = "CompositeTests", "CompositeTests\CompositeTests.csproj", "{C418C94E-DBE3-4B37-90A5-4B842E6848F5}"
EndProject
Project("{FAE04EC0-301F-11D3-BF4B-00C04F79EFBC}") = "FactoryTests", "FactoryTests\FactoryTests.csproj", "{216634D1-D120-435B-A156-B2BB481E8BE0}"
EndProject
Project("{FAE04EC0-301F-11D3-BF4B-00C04F79EFBC}") = "Factory", "Factory\Factory.csproj", "{2284ED61-C0D2-4D7A-92A1-CAF5476868A6}"
EndProject
Project("{2150E333-8FDC-42A3-9474-1A3956D46DE8}") = "TemplatePattern", "TemplatePattern", "{F9696CC3-2058-4364-85DC-29A814FAFD35}"
EndProject
Project("{FAE04EC0-301F-11D3-BF4B-00C04F79EFBC}") = "Template", "Template\Template.csproj", "{DF6958A3-94AC-4673-9BE1-03A72DD7E4FD}"
EndProject
Project("{FAE04EC0-301F-11D3-BF4B-00C04F79EFBC}") = "TemplateTests", "TemplateTests\TemplateTests.csproj", "{CF3C00E7-75E7-40A7-A121-CCDD75D6ECAA}"
EndProject
Global
	GlobalSection(SolutionConfigurationPlatforms) = preSolution
		Debug|Any CPU = Debug|Any CPU
		Release|Any CPU = Release|Any CPU
	EndGlobalSection
	GlobalSection(ProjectConfigurationPlatforms) = postSolution
		{459F495E-AB4E-4F1B-A1ED-3BE2F82B6870}.Debug|Any CPU.ActiveCfg = Debug|Any CPU
		{459F495E-AB4E-4F1B-A1ED-3BE2F82B6870}.Debug|Any CPU.Build.0 = Debug|Any CPU
		{459F495E-AB4E-4F1B-A1ED-3BE2F82B6870}.Release|Any CPU.ActiveCfg = Release|Any CPU
		{459F495E-AB4E-4F1B-A1ED-3BE2F82B6870}.Release|Any CPU.Build.0 = Release|Any CPU
		{2AD927A3-B6D1-4AEB-82D1-AA9B6B1F9E8B}.Debug|Any CPU.ActiveCfg = Debug|Any CPU
		{2AD927A3-B6D1-4AEB-82D1-AA9B6B1F9E8B}.Debug|Any CPU.Build.0 = Debug|Any CPU
		{2AD927A3-B6D1-4AEB-82D1-AA9B6B1F9E8B}.Release|Any CPU.ActiveCfg = Release|Any CPU
		{2AD927A3-B6D1-4AEB-82D1-AA9B6B1F9E8B}.Release|Any CPU.Build.0 = Release|Any CPU
		{495E6DC5-6932-4664-A5B1-F7E307E191BF}.Debug|Any CPU.ActiveCfg = Debug|Any CPU
		{495E6DC5-6932-4664-A5B1-F7E307E191BF}.Debug|Any CPU.Build.0 = Debug|Any CPU
		{495E6DC5-6932-4664-A5B1-F7E307E191BF}.Release|Any CPU.ActiveCfg = Release|Any CPU
		{495E6DC5-6932-4664-A5B1-F7E307E191BF}.Release|Any CPU.Build.0 = Release|Any CPU
		{FD4B5A7B-12C6-4A65-AE4F-E192118B4AB3}.Debug|Any CPU.ActiveCfg = Debug|Any CPU
		{FD4B5A7B-12C6-4A65-AE4F-E192118B4AB3}.Debug|Any CPU.Build.0 = Debug|Any CPU
		{FD4B5A7B-12C6-4A65-AE4F-E192118B4AB3}.Release|Any CPU.ActiveCfg = Release|Any CPU
		{FD4B5A7B-12C6-4A65-AE4F-E192118B4AB3}.Release|Any CPU.Build.0 = Release|Any CPU
		{DA92B36B-D6D0-4E72-B5F8-4E407319B1AA}.Debug|Any CPU.ActiveCfg = Debug|Any CPU
		{DA92B36B-D6D0-4E72-B5F8-4E407319B1AA}.Debug|Any CPU.Build.0 = Debug|Any CPU
		{DA92B36B-D6D0-4E72-B5F8-4E407319B1AA}.Release|Any CPU.ActiveCfg = Release|Any CPU
		{DA92B36B-D6D0-4E72-B5F8-4E407319B1AA}.Release|Any CPU.Build.0 = Release|Any CPU
		{0764AE54-D8BD-49BD-8F47-51A5295F0385}.Debug|Any CPU.ActiveCfg = Debug|Any CPU
		{0764AE54-D8BD-49BD-8F47-51A5295F0385}.Debug|Any CPU.Build.0 = Debug|Any CPU
		{0764AE54-D8BD-49BD-8F47-51A5295F0385}.Release|Any CPU.ActiveCfg = Release|Any CPU
		{0764AE54-D8BD-49BD-8F47-51A5295F0385}.Release|Any CPU.Build.0 = Release|Any CPU
		{4A80CDBF-87B0-44E2-8592-8F5AC132A297}.Debug|Any CPU.ActiveCfg = Debug|Any CPU
		{4A80CDBF-87B0-44E2-8592-8F5AC132A297}.Debug|Any CPU.Build.0 = Debug|Any CPU
		{4A80CDBF-87B0-44E2-8592-8F5AC132A297}.Release|Any CPU.ActiveCfg = Release|Any CPU
		{4A80CDBF-87B0-44E2-8592-8F5AC132A297}.Release|Any CPU.Build.0 = Release|Any CPU
		{C418C94E-DBE3-4B37-90A5-4B842E6848F5}.Debug|Any CPU.ActiveCfg = Debug|Any CPU
		{C418C94E-DBE3-4B37-90A5-4B842E6848F5}.Debug|Any CPU.Build.0 = Debug|Any CPU
		{C418C94E-DBE3-4B37-90A5-4B842E6848F5}.Release|Any CPU.ActiveCfg = Release|Any CPU
		{C418C94E-DBE3-4B37-90A5-4B842E6848F5}.Release|Any CPU.Build.0 = Release|Any CPU
		{216634D1-D120-435B-A156-B2BB481E8BE0}.Debug|Any CPU.ActiveCfg = Debug|Any CPU
		{216634D1-D120-435B-A156-B2BB481E8BE0}.Debug|Any CPU.Build.0 = Debug|Any CPU
		{216634D1-D120-435B-A156-B2BB481E8BE0}.Release|Any CPU.ActiveCfg = Release|Any CPU
		{216634D1-D120-435B-A156-B2BB481E8BE0}.Release|Any CPU.Build.0 = Release|Any CPU
		{2284ED61-C0D2-4D7A-92A1-CAF5476868A6}.Debug|Any CPU.ActiveCfg = Debug|Any CPU
		{2284ED61-C0D2-4D7A-92A1-CAF5476868A6}.Debug|Any CPU.Build.0 = Debug|Any CPU
		{2284ED61-C0D2-4D7A-92A1-CAF5476868A6}.Release|Any CPU.ActiveCfg = Release|Any CPU
		{2284ED61-C0D2-4D7A-92A1-CAF5476868A6}.Release|Any CPU.Build.0 = Release|Any CPU
		{DF6958A3-94AC-4673-9BE1-03A72DD7E4FD}.Debug|Any CPU.ActiveCfg = Debug|Any CPU
		{DF6958A3-94AC-4673-9BE1-03A72DD7E4FD}.Debug|Any CPU.Build.0 = Debug|Any CPU
		{DF6958A3-94AC-4673-9BE1-03A72DD7E4FD}.Release|Any CPU.ActiveCfg = Release|Any CPU
		{DF6958A3-94AC-4673-9BE1-03A72DD7E4FD}.Release|Any CPU.Build.0 = Release|Any CPU
		{CF3C00E7-75E7-40A7-A121-CCDD75D6ECAA}.Debug|Any CPU.ActiveCfg = Debug|Any CPU
		{CF3C00E7-75E7-40A7-A121-CCDD75D6ECAA}.Debug|Any CPU.Build.0 = Debug|Any CPU
		{CF3C00E7-75E7-40A7-A121-CCDD75D6ECAA}.Release|Any CPU.ActiveCfg = Release|Any CPU
		{CF3C00E7-75E7-40A7-A121-CCDD75D6ECAA}.Release|Any CPU.Build.0 = Release|Any CPU
	EndGlobalSection
	GlobalSection(SolutionProperties) = preSolution
		HideSolutionNode = FALSE
	EndGlobalSection
	GlobalSection(NestedProjects) = preSolution
		{459F495E-AB4E-4F1B-A1ED-3BE2F82B6870} = {8DC27224-DFE6-4420-B557-E3A4C85DD790}
		{2AD927A3-B6D1-4AEB-82D1-AA9B6B1F9E8B} = {8DC27224-DFE6-4420-B557-E3A4C85DD790}
		{8DC27224-DFE6-4420-B557-E3A4C85DD790} = {C0CE8C5C-C3EC-4A12-A7CC-2A2563CE0F23}
		{54D2E913-9A63-47B5-B6BC-E73E46B658EB} = {5964930B-7BB5-4E6E-A587-64BD447ADE34}
		{495E6DC5-6932-4664-A5B1-F7E307E191BF} = {54D2E913-9A63-47B5-B6BC-E73E46B658EB}
		{FD4B5A7B-12C6-4A65-AE4F-E192118B4AB3} = {54D2E913-9A63-47B5-B6BC-E73E46B658EB}
		{93792751-AFA8-46AB-A52F-10ACD6261C53} = {5964930B-7BB5-4E6E-A587-64BD447ADE34}
		{DA92B36B-D6D0-4E72-B5F8-4E407319B1AA} = {93792751-AFA8-46AB-A52F-10ACD6261C53}
		{0764AE54-D8BD-49BD-8F47-51A5295F0385} = {93792751-AFA8-46AB-A52F-10ACD6261C53}
		{81CBAE6A-88F8-43FF-8EC5-6782848D07CF} = {C0CE8C5C-C3EC-4A12-A7CC-2A2563CE0F23}
		{4A80CDBF-87B0-44E2-8592-8F5AC132A297} = {81CBAE6A-88F8-43FF-8EC5-6782848D07CF}
		{C418C94E-DBE3-4B37-90A5-4B842E6848F5} = {81CBAE6A-88F8-43FF-8EC5-6782848D07CF}
		{216634D1-D120-435B-A156-B2BB481E8BE0} = {4E76DF8F-2221-4E12-98C8-46FFB6B19914}
		{2284ED61-C0D2-4D7A-92A1-CAF5476868A6} = {4E76DF8F-2221-4E12-98C8-46FFB6B19914}
		{F9696CC3-2058-4364-85DC-29A814FAFD35} = {5964930B-7BB5-4E6E-A587-64BD447ADE34}
		{DF6958A3-94AC-4673-9BE1-03A72DD7E4FD} = {F9696CC3-2058-4364-85DC-29A814FAFD35}
		{CF3C00E7-75E7-40A7-A121-CCDD75D6ECAA} = {F9696CC3-2058-4364-85DC-29A814FAFD35}
	EndGlobalSection
EndGlobal
